<?xml version="1.0" encoding="utf-8"?>
<Project ToolsVersion="4.0" xmlns="http://schemas.microsoft.com/developer/msbuild/2003">
  <ItemGroup>
    <Filter Include="00. GraphicDev">
      <UniqueIdentifier>{2e832055-ceea-49fe-9ad3-3283de0bcd4f}</UniqueIdentifier>
    </Filter>
    <Filter Include="99. Header">
      <UniqueIdentifier>{4b0ee9ab-ab85-42d5-9736-8cb467145373}</UniqueIdentifier>
    </Filter>
    <Filter Include="01. Managers">
      <UniqueIdentifier>{8d073477-080f-480c-ae83-ad2686e3480b}</UniqueIdentifier>
    </Filter>
    <Filter Include="01. Managers\01. TimeMgr">
      <UniqueIdentifier>{4382b424-6721-413a-ba31-f332488bf3d7}</UniqueIdentifier>
    </Filter>
    <Filter Include="01. Managers\01. TimeMgr\Timer">
      <UniqueIdentifier>{09df53b2-647c-49f3-8b45-5fb6d2917cf0}</UniqueIdentifier>
    </Filter>
    <Filter Include="01. Managers\02. FrameMgr">
      <UniqueIdentifier>{96d94f9c-e206-4467-bddd-26e2bc68639e}</UniqueIdentifier>
    </Filter>
    <Filter Include="01. Managers\02. FrameMgr\Frame">
      <UniqueIdentifier>{8b40c209-f9fd-426b-9912-fc1a6073a37d}</UniqueIdentifier>
    </Filter>
    <Filter Include="01. Managers\03. InputMgr">
      <UniqueIdentifier>{063ce3c7-c16c-400f-a6b1-406c24dfa47d}</UniqueIdentifier>
    </Filter>
    <Filter Include="02. Components">
      <UniqueIdentifier>{8cec6fd9-0f1a-4158-813c-0d11dad5498c}</UniqueIdentifier>
    </Filter>
    <Filter Include="02. Components\00. VIBuffer">
      <UniqueIdentifier>{cd20bd71-f491-414d-acb8-344bb536359b}</UniqueIdentifier>
    </Filter>
    <Filter Include="03. GameObject">
      <UniqueIdentifier>{e1f04626-2236-4c63-967c-04d55aeeee95}</UniqueIdentifier>
    </Filter>
    <Filter Include="02. Components\00. VIBuffer\CubeTex">
      <UniqueIdentifier>{738e58d6-8342-4d2d-b5af-432ffd7e53ef}</UniqueIdentifier>
    </Filter>
    <Filter Include="01. Managers\04. RenderMgr">
      <UniqueIdentifier>{18559706-1ee1-46df-a5d7-66ea8a749a62}</UniqueIdentifier>
    </Filter>
    <Filter Include="01. Managers\00. SceneMgr">
      <UniqueIdentifier>{ee1069c3-90b9-40c7-9b4a-c8d3400b40a2}</UniqueIdentifier>
    </Filter>
    <Filter Include="04. Layer">
      <UniqueIdentifier>{21e2a293-a525-43c2-8b72-80039c83bdec}</UniqueIdentifier>
    </Filter>
    <Filter Include="05. Scene">
      <UniqueIdentifier>{133f03db-7042-4626-8b56-a5724d470c1a}</UniqueIdentifier>
    </Filter>
    <Filter Include="02. Components\01. Transform">
      <UniqueIdentifier>{2c38a7cf-3a4d-466d-9bda-a1f17c13d105}</UniqueIdentifier>
    </Filter>
    <Filter Include="02. Components\02. Camera">
      <UniqueIdentifier>{5810b33a-5f21-45d0-8341-3f2205c15949}</UniqueIdentifier>
    </Filter>
    <Filter Include="01. Managers\05.CameraMgr">
      <UniqueIdentifier>{7018b58f-1551-48ac-8e9d-2e58568c357d}</UniqueIdentifier>
    </Filter>
  </ItemGroup>
  <ItemGroup>
    <ClInclude Include="..\Header\CGraphicDev.h">
      <Filter>00. GraphicDev</Filter>
    </ClInclude>
    <ClInclude Include="..\Header\Engine_Define.h">
      <Filter>99. Header</Filter>
    </ClInclude>
    <ClInclude Include="..\Header\Engine_Enum.h">
      <Filter>99. Header</Filter>
    </ClInclude>
    <ClInclude Include="..\Header\Engine_Function.h">
      <Filter>99. Header</Filter>
    </ClInclude>
    <ClInclude Include="..\Header\Engine_Macro.h">
      <Filter>99. Header</Filter>
    </ClInclude>
    <ClInclude Include="..\Header\Engine_Struct.h">
      <Filter>99. Header</Filter>
    </ClInclude>
    <ClInclude Include="..\Header\Engine_Typedef.h">
      <Filter>99. Header</Filter>
    </ClInclude>
    <ClInclude Include="..\Header\CTimeMgr.h">
      <Filter>01. Managers\01. TimeMgr</Filter>
    </ClInclude>
    <ClInclude Include="..\Header\CFrameMgr.h">
      <Filter>01. Managers\02. FrameMgr</Filter>
    </ClInclude>
    <ClInclude Include="..\Header\CTimer.h">
      <Filter>01. Managers\01. TimeMgr\Timer</Filter>
    </ClInclude>
    <ClInclude Include="..\Header\CFrame.h">
      <Filter>01. Managers\02. FrameMgr\Frame</Filter>
    </ClInclude>
    <ClInclude Include="..\Header\CInputMgr.h">
      <Filter>01. Managers\03. InputMgr</Filter>
    </ClInclude>
    <ClInclude Include="..\Header\CGameObject.h">
      <Filter>03. GameObject</Filter>
    </ClInclude>
    <ClInclude Include="..\Header\CComponent.h">
      <Filter>02. Components</Filter>
    </ClInclude>
    <ClInclude Include="..\Header\CVIBuffer.h">
      <Filter>02. Components\00. VIBuffer</Filter>
    </ClInclude>
    <ClInclude Include="..\Header\CCubeTex.h">
      <Filter>02. Components\00. VIBuffer\CubeTex</Filter>
    </ClInclude>
    <ClInclude Include="..\Header\CRenderMgr.h">
      <Filter>01. Managers\04. RenderMgr</Filter>
    </ClInclude>
    <ClInclude Include="..\Header\CScene.h">
      <Filter>05. Scene</Filter>
    </ClInclude>
    <ClInclude Include="..\Header\CLayer.h">
      <Filter>04. Layer</Filter>
    </ClInclude>
    <ClInclude Include="..\Header\CSceneMgr.h">
      <Filter>01. Managers\00. SceneMgr</Filter>
    </ClInclude>
    <ClInclude Include="..\Header\CTransform.h">
      <Filter>02. Components\01. Transform</Filter>
    </ClInclude>
    <ClInclude Include="..\Header\CCameraMgr.h">
      <Filter>01. Managers\05.CameraMgr</Filter>
    </ClInclude>
    <ClInclude Include="..\Header\CCamera.h">
      <Filter>02. Components\02. Camera</Filter>
    </ClInclude>
  </ItemGroup>
  <ItemGroup>
    <ClCompile Include="..\Code\CGraphicDev.cpp">
      <Filter>00. GraphicDev</Filter>
    </ClCompile>
    <ClCompile Include="..\Code\CTimeMgr.cpp">
      <Filter>01. Managers\01. TimeMgr</Filter>
    </ClCompile>
    <ClCompile Include="..\Code\CFrameMgr.cpp">
      <Filter>01. Managers\02. FrameMgr</Filter>
    </ClCompile>
    <ClCompile Include="..\Code\CTimer.cpp">
      <Filter>01. Managers\01. TimeMgr\Timer</Filter>
    </ClCompile>
    <ClCompile Include="..\Code\CFrame.cpp">
      <Filter>01. Managers\02. FrameMgr\Frame</Filter>
    </ClCompile>
    <ClCompile Include="..\Code\CInputMgr.cpp">
      <Filter>01. Managers\03. InputMgr</Filter>
    </ClCompile>
    <ClCompile Include="..\Code\CGameObject.cpp">
      <Filter>03. GameObject</Filter>
    </ClCompile>
    <ClCompile Include="..\Code\CComponent.cpp">
      <Filter>02. Components</Filter>
    </ClCompile>
    <ClCompile Include="..\Code\CVIBuffer.cpp">
      <Filter>02. Components\00. VIBuffer</Filter>
    </ClCompile>
    <ClCompile Include="..\Code\CCubeTex.cpp">
      <Filter>02. Components\00. VIBuffer\CubeTex</Filter>
    </ClCompile>
    <ClCompile Include="..\Code\CRenderMgr.cpp">
      <Filter>01. Managers\04. RenderMgr</Filter>
    </ClCompile>
    <ClCompile Include="..\Code\CScene.cpp">
      <Filter>05. Scene</Filter>
    </ClCompile>
    <ClCompile Include="..\Code\CLayer.cpp">
      <Filter>04. Layer</Filter>
    </ClCompile>
    <ClCompile Include="..\Code\CSceneMgr.cpp">
      <Filter>01. Managers\00. SceneMgr</Filter>
    </ClCompile>
    <ClCompile Include="..\Code\CTransform.cpp">
      <Filter>02. Components\01. Transform</Filter>
    </ClCompile>
    <ClCompile Include="..\Code\CCameraMgr.cpp">
      <Filter>01. Managers\05.CameraMgr</Filter>
    </ClCompile>
    <ClCompile Include="..\Code\CCamera.cpp">
      <Filter>02. Components\02. Camera</Filter>
    </ClCompile>
  </ItemGroup>
</Project>