<?xml version="1.0" encoding="utf-8"?>
<Project ToolsVersion="4.0" xmlns="http://schemas.microsoft.com/developer/msbuild/2003">
  <ItemGroup>
    <Filter Include="00. Common">
      <UniqueIdentifier>{318bb856-104a-42d7-8de7-04f934be78c2}</UniqueIdentifier>
    </Filter>
    <Filter Include="01. Client">
      <UniqueIdentifier>{0d0864b3-668c-4122-aa65-f47a5c008001}</UniqueIdentifier>
    </Filter>
    <Filter Include="00. Common\리소스 파일">
      <UniqueIdentifier>{67DA6AB6-F800-4c08-8B7A-83BB121AAD01}</UniqueIdentifier>
      <Extensions>rc;ico;cur;bmp;dlg;rc2;rct;bin;rgs;gif;jpg;jpeg;jpe;resx;tiff;tif;png;wav;mfcribbon-ms</Extensions>
    </Filter>
    <Filter Include="02. MainApp">
      <UniqueIdentifier>{9c5040e7-00aa-46e9-975c-7a1b9dace7a8}</UniqueIdentifier>
    </Filter>
    <Filter Include="04. GameObjects">
      <UniqueIdentifier>{ab7604f5-dc2e-4079-a511-01ca857fdab1}</UniqueIdentifier>
    </Filter>
    <Filter Include="04. GameObjects\TestPlayer">
      <UniqueIdentifier>{59dd0850-c33f-45f5-8a15-5279976fcc02}</UniqueIdentifier>
    </Filter>
    <Filter Include="04. GameObjects\TestLight">
      <UniqueIdentifier>{f0f59b2f-0432-4248-b0e8-e754b52cb41f}</UniqueIdentifier>
    </Filter>
    <Filter Include="04. GameObjects\CameraObejct">
      <UniqueIdentifier>{faac4596-d2fc-44e4-8613-5f76bee7bef4}</UniqueIdentifier>
    </Filter>
    <Filter Include="04. GameObjects\CameraObejct\FirstviewFollowingCam">
      <UniqueIdentifier>{960fb8c3-bd33-453d-bf13-a8b55eaf28df}</UniqueIdentifier>
    </Filter>
    <Filter Include="03. Scene">
      <UniqueIdentifier>{7a1af6c0-b0d1-400e-ab0e-b9bbea314936}</UniqueIdentifier>
    </Filter>
    <Filter Include="03. Scene\SceneHW">
      <UniqueIdentifier>{8ee7b265-de06-42fa-b2df-530547d8c75a}</UniqueIdentifier>
    </Filter>
    <Filter Include="04. GameObjects\TestObject">
      <UniqueIdentifier>{2a140a9a-97a3-471c-9b0b-edf3b173ce36}</UniqueIdentifier>
    </Filter>
    <Filter Include="03. Scene\SceneBG">
      <UniqueIdentifier>{c74caa5e-84d0-4710-867f-b83dd80b2fde}</UniqueIdentifier>
    </Filter>
    <Filter Include="03. Scene\SceneSB">
      <UniqueIdentifier>{a78f37b4-b766-4b5b-b73e-e4dc44afd86b}</UniqueIdentifier>
    </Filter>
    <Filter Include="03. Scene\SceneHS">
      <UniqueIdentifier>{7f201cda-42bf-44b8-ab2a-bcbfba2287c8}</UniqueIdentifier>
    </Filter>
    <Filter Include="03. Scene\SceneDH">
      <UniqueIdentifier>{58c69da1-fbb4-48b5-8347-2f12d35ab13c}</UniqueIdentifier>
    </Filter>
    <Filter Include="03. Scene\Logo">
      <UniqueIdentifier>{11859b5b-3fe4-42a7-bffa-734c123776a2}</UniqueIdentifier>
    </Filter>
    <Filter Include="04. GameObjects\TestUI">
      <UniqueIdentifier>{484eb73b-8f04-4925-aa39-3d1a9fded025}</UniqueIdentifier>
    </Filter>
    <Filter Include="04. GameObjects\TestUI\TestCrooshair">
      <UniqueIdentifier>{f826ebc1-8818-4990-b515-07c043e6a79c}</UniqueIdentifier>
    </Filter>
    <Filter Include="04. GameObjects\TestLight\TestLightObject">
    </Filter>
  </ItemGroup>
  <ItemGroup>
    <ClInclude Include="framework.h">
      <Filter>00. Common</Filter>
    </ClInclude>
    <ClInclude Include="targetver.h">
      <Filter>00. Common</Filter>
    </ClInclude>
    <ClInclude Include="pch.h">
      <Filter>00. Common</Filter>
    </ClInclude>
    <ClInclude Include="Resource.h">
      <Filter>00. Common</Filter>
    </ClInclude>
    <ClInclude Include="Client.h">
      <Filter>01. Client</Filter>
    </ClInclude>
    <ClInclude Include="..\Header\CMainApp.h">
      <Filter>02. MainApp</Filter>
    </ClInclude>
    <ClInclude Include="..\Header\Player.h">
      <Filter>04. GameObjects\TestPlayer</Filter>
    </ClInclude>
    <ClInclude Include="..\Header\CCameraObject.h">
      <Filter>04. GameObjects\CameraObejct</Filter>
    </ClInclude>
    <ClInclude Include="..\Header\CFirstviewFollowingCamera.h">
      <Filter>04. GameObjects\CameraObejct\FirstviewFollowingCam</Filter>
    </ClInclude>
    <ClInclude Include="..\Header\DummyCube.h">
      <Filter>04. GameObjects\TestObject</Filter>
    </ClInclude>
    <ClInclude Include="..\Header\Logo.h">
      <Filter>03. Scene\Logo</Filter>
    </ClInclude>
    <ClInclude Include="..\Header\SceneBG.h">
      <Filter>03. Scene\SceneBG</Filter>
    </ClInclude>
    <ClInclude Include="..\Header\SceneDH.h">
      <Filter>03. Scene\SceneDH</Filter>
    </ClInclude>
    <ClInclude Include="..\Header\SceneHW.h">
      <Filter>03. Scene\SceneHW</Filter>
    </ClInclude>
    <ClInclude Include="..\Header\SceneHS.h">
      <Filter>03. Scene\SceneHS</Filter>
    </ClInclude>
    <ClInclude Include="..\Header\SceneSB.h">
      <Filter>03. Scene\SceneSB</Filter>
    </ClInclude>
    <ClInclude Include="..\Header\CLightObject.h">
      <Filter>04. GameObjects\TestLight</Filter>
    </ClInclude>
    <ClInclude Include="..\Header\CCrosshairUIObject.h">
      <Filter>04. GameObjects\TestUI\TestCrooshair</Filter>
    </ClInclude>
    <ClInclude Include="..\Header\CTestLightMeshObject.h">
      <Filter>04. GameObjects\TestLight\TestLightObject</Filter>
    </ClInclude>
    <ClInclude Include="..\Header\CPlayer.h">
      <Filter>04. GameObjects\TestPlayer</Filter>
    </ClInclude>
    <ClInclude Include="..\Header\CMonster.h">
      <Filter>04. GameObjects\TestObject</Filter>
    </ClInclude>
  </ItemGroup>
  <ItemGroup>
    <ClCompile Include="pch.cpp">
      <Filter>00. Common</Filter>
    </ClCompile>
    <ClCompile Include="Client.cpp">
      <Filter>01. Client</Filter>
    </ClCompile>
    <ClCompile Include="..\Code\CMainApp.cpp">
      <Filter>02. MainApp</Filter>
    </ClCompile>
    <ClCompile Include="..\Code\Player.cpp">
      <Filter>04. GameObjects\TestPlayer</Filter>
    </ClCompile>
    <ClCompile Include="..\Code\CCameraObject.cpp">
      <Filter>04. GameObjects\CameraObejct</Filter>
    </ClCompile>
    <ClCompile Include="..\Code\CFirstviewFollowingCamera.cpp">
      <Filter>04. GameObjects\CameraObejct\FirstviewFollowingCam</Filter>
    </ClCompile>
    <ClCompile Include="..\Code\DummyCube.cpp">
      <Filter>04. GameObjects\TestObject</Filter>
    </ClCompile>
    <ClCompile Include="..\Code\Logo.cpp">
      <Filter>03. Scene\Logo</Filter>
    </ClCompile>
    <ClCompile Include="..\Code\SceneBG.cpp">
      <Filter>03. Scene\SceneBG</Filter>
    </ClCompile>
    <ClCompile Include="..\Code\SceneDH.cpp">
      <Filter>03. Scene\SceneDH</Filter>
    </ClCompile>
    <ClCompile Include="..\Code\SceneHW.cpp">
      <Filter>03. Scene\SceneHW</Filter>
    </ClCompile>
    <ClCompile Include="..\Code\SceneHS.cpp">
      <Filter>03. Scene\SceneHS</Filter>
    </ClCompile>
    <ClCompile Include="..\Code\SceneSB.cpp">
      <Filter>03. Scene\SceneSB</Filter>
    </ClCompile>
    <ClCompile Include="..\Code\CLightObject.cpp">
      <Filter>04. GameObjects\TestLight</Filter>
    </ClCompile>
    <ClCompile Include="..\Code\CCrosshairUIObject.cpp">
      <Filter>04. GameObjects\TestUI\TestCrooshair</Filter>
    </ClCompile>
    <ClCompile Include="..\Code\CTestLightMeshObject.cpp">
      <Filter>04. GameObjects\TestLight\TestLightObject</Filter>
    </ClCompile>
    <ClCompile Include="..\Code\CPlayer.cpp">
      <Filter>04. GameObjects\TestPlayer</Filter>
    </ClCompile>
    <ClCompile Include="..\Code\CMonster.cpp">
      <Filter>04. GameObjects\TestObject</Filter>
    </ClCompile>
  </ItemGroup>
  <ItemGroup>
    <ResourceCompile Include="Client.rc">
      <Filter>00. Common\리소스 파일</Filter>
    </ResourceCompile>
  </ItemGroup>
  <ItemGroup>
    <Image Include="small.ico">
      <Filter>00. Common\리소스 파일</Filter>
    </Image>
    <Image Include="Client.ico">
      <Filter>00. Common\리소스 파일</Filter>
    </Image>
  </ItemGroup>
</Project>