<?xml version="1.0" encoding="utf-8"?>
<Project ToolsVersion="4.0" xmlns="http://schemas.microsoft.com/developer/msbuild/2003">
  <ItemGroup>
    <Filter Include="00. Common">
      <UniqueIdentifier>{318bb856-104a-42d7-8de7-04f934be78c2}</UniqueIdentifier>
    </Filter>
    <Filter Include="01. Client">
      <UniqueIdentifier>{0d0864b3-668c-4122-aa65-f47a5c008001}</UniqueIdentifier>
    </Filter>
    <Filter Include="00. Common\리소스 파일">
      <UniqueIdentifier>{67DA6AB6-F800-4c08-8B7A-83BB121AAD01}</UniqueIdentifier>
      <Extensions>rc;ico;cur;bmp;dlg;rc2;rct;bin;rgs;gif;jpg;jpeg;jpe;resx;tiff;tif;png;wav;mfcribbon-ms</Extensions>
    </Filter>
    <Filter Include="02. MainApp">
      <UniqueIdentifier>{9c5040e7-00aa-46e9-975c-7a1b9dace7a8}</UniqueIdentifier>
    </Filter>
    <Filter Include="04. GameObjects">
      <UniqueIdentifier>{ab7604f5-dc2e-4079-a511-01ca857fdab1}</UniqueIdentifier>
    </Filter>
    <Filter Include="04. GameObjects\TestPlayer">
      <UniqueIdentifier>{59dd0850-c33f-45f5-8a15-5279976fcc02}</UniqueIdentifier>
    </Filter>
    <Filter Include="04. GameObjects\TestLight">
      <UniqueIdentifier>{f0f59b2f-0432-4248-b0e8-e754b52cb41f}</UniqueIdentifier>
    </Filter>
    <Filter Include="04. GameObjects\CameraObejct">
      <UniqueIdentifier>{faac4596-d2fc-44e4-8613-5f76bee7bef4}</UniqueIdentifier>
    </Filter>
    <Filter Include="04. GameObjects\CameraObejct\FirstviewFollowingCam">
      <UniqueIdentifier>{960fb8c3-bd33-453d-bf13-a8b55eaf28df}</UniqueIdentifier>
    </Filter>
    <Filter Include="03. Scene">
      <UniqueIdentifier>{7a1af6c0-b0d1-400e-ab0e-b9bbea314936}</UniqueIdentifier>
    </Filter>
    <Filter Include="03. Scene\SceneHW">
      <UniqueIdentifier>{8ee7b265-de06-42fa-b2df-530547d8c75a}</UniqueIdentifier>
    </Filter>
    <Filter Include="04. GameObjects\TestObject">
      <UniqueIdentifier>{2a140a9a-97a3-471c-9b0b-edf3b173ce36}</UniqueIdentifier>
    </Filter>
    <Filter Include="03. Scene\SceneBG">
      <UniqueIdentifier>{c74caa5e-84d0-4710-867f-b83dd80b2fde}</UniqueIdentifier>
    </Filter>
    <Filter Include="03. Scene\SceneSB">
      <UniqueIdentifier>{a78f37b4-b766-4b5b-b73e-e4dc44afd86b}</UniqueIdentifier>
    </Filter>
    <Filter Include="03. Scene\SceneHS">
      <UniqueIdentifier>{7f201cda-42bf-44b8-ab2a-bcbfba2287c8}</UniqueIdentifier>
    </Filter>
    <Filter Include="03. Scene\SceneDH">
      <UniqueIdentifier>{58c69da1-fbb4-48b5-8347-2f12d35ab13c}</UniqueIdentifier>
    </Filter>
    <Filter Include="03. Scene\Logo">
      <UniqueIdentifier>{11859b5b-3fe4-42a7-bffa-734c123776a2}</UniqueIdentifier>
    </Filter>
    <Filter Include="04. GameObjects\TestUI">
      <UniqueIdentifier>{484eb73b-8f04-4925-aa39-3d1a9fded025}</UniqueIdentifier>
    </Filter>
    <Filter Include="04. GameObjects\TestUI\TestCrooshair">
      <UniqueIdentifier>{f826ebc1-8818-4990-b515-07c043e6a79c}</UniqueIdentifier>
    </Filter>
    <Filter Include="04. GameObjects\TestLight\TestLightObject">
    </Filter>
    <Filter Include="04. GameObjects\Cube">
      <UniqueIdentifier>{d64b5e19-4e88-43d6-a18d-4613c84aa671}</UniqueIdentifier>
    </Filter>
    <Filter Include="04. GameObjects\Cube\FloatingCube">
      <UniqueIdentifier>{38bcb1ed-2e1e-4731-a023-f19abc60c621}</UniqueIdentifier>
    </Filter>
    <Filter Include="04. GameObjects\Cube\DirectionalCube">
      <UniqueIdentifier>{fd46cc7f-1998-4688-a1ba-f6c45fc3d8f6}</UniqueIdentifier>
    </Filter>
    <Filter Include="04. GameObjects\Cube\ImpulseCube">
      <UniqueIdentifier>{d1eb18fa-2b18-4930-9a79-8dc103ed10cf}</UniqueIdentifier>
    </Filter>
    <Filter Include="04. GameObjects\TestTile">
      <UniqueIdentifier>{48b919c7-4a5f-44ae-b69b-234078cfeb74}</UniqueIdentifier>
    </Filter>
    <Filter Include="03. Scene\SceneHS\test">
      <UniqueIdentifier>{c6e88d43-7f86-41a2-8f56-2908c917d0b2}</UniqueIdentifier>
    </Filter>
    <Filter Include="04. GameObjects\SceneTrigger">
      <UniqueIdentifier>{3a1afc33-49d1-4228-97fa-6a78e8d46b99}</UniqueIdentifier>
    </Filter>
    <Filter Include="04. GameObjects\SceneTrigger\SceneGate">
      <UniqueIdentifier>{bad48d57-5cf4-4a43-97b7-580711e99a80}</UniqueIdentifier>
    </Filter>
    <Filter Include="04. GameObjects\Block">
      <UniqueIdentifier>{7c193ad6-cbaf-44da-b976-e2fe2eb5facf}</UniqueIdentifier>
    </Filter>
    <Filter Include="04. GameObjects\Block\StairBlock">
      <UniqueIdentifier>{0ee28229-e306-40c5-bc7b-c972bc7f551e}</UniqueIdentifier>
    </Filter>
    <Filter Include="04. GameObjects\Switch">
      <UniqueIdentifier>{6ca85163-f2f9-4842-b2fd-3af07ca1b49b}</UniqueIdentifier>
    </Filter>
    <Filter Include="04. GameObjects\Behavior">
      <UniqueIdentifier>{61a88893-c867-4f29-9e96-718b219bbf6b}</UniqueIdentifier>
    </Filter>
    <Filter Include="04. GameObjects\Switch\PickSwitch">
      <UniqueIdentifier>{6224e65c-e2be-4ac3-bed9-5f5cc82c1a82}</UniqueIdentifier>
    </Filter>
    <Filter Include="04. GameObjects\Sensor">
      <UniqueIdentifier>{baf025e5-52b7-420f-ac97-6fc07faa1c1b}</UniqueIdentifier>
    </Filter>
    <Filter Include="04. GameObjects\Sensor\ZoneSensor">
      <UniqueIdentifier>{7d799b21-7bdf-4e82-9273-b9d547974025}</UniqueIdentifier>
    </Filter>
    <Filter Include="04. GameObjects\Sensor\SlotSensor">
      <UniqueIdentifier>{0deca1ee-b800-4a37-978a-8a23447df583}</UniqueIdentifier>
    </Filter>
    <Filter Include="04. GameObjects\Cube\SlotCube">
      <UniqueIdentifier>{d9bc43af-4c22-4e47-9d39-6a4db356e5bf}</UniqueIdentifier>
    </Filter>
    <Filter Include="04. GameObjects\Vellum">
      <UniqueIdentifier>{47e44b8d-2f23-45a9-b024-ae6b1781a3ca}</UniqueIdentifier>
    </Filter>
    <Filter Include="04. GameObjects\Cube\MagneticCube">
      <UniqueIdentifier>{268a6416-a668-437e-a8ab-af206d52300c}</UniqueIdentifier>
    </Filter>
    <Filter Include="04. GameObjects\TestUI\Loding">
      <UniqueIdentifier>{ec8c747c-e3c2-4a60-8675-375d384ccfe2}</UniqueIdentifier>
    </Filter>
    <Filter Include="04. GameObjects\TestUI\Loding\ProgressBar">
      <UniqueIdentifier>{cc94fa3b-bde0-4688-bc56-95203fa9b564}</UniqueIdentifier>
    </Filter>
    <Filter Include="04. GameObjects\TestUI\Loding\LodingCube">
      <UniqueIdentifier>{95078ba1-268d-45ab-8482-bab2e477300c}</UniqueIdentifier>
    </Filter>
    <Filter Include="04. GameObjects\CameraObejct\CinematicCamera">
      <UniqueIdentifier>{d0eb2f06-d4b3-4de0-a7a3-d48ea498ba97}</UniqueIdentifier>
    </Filter>
    <Filter Include="04. GameObjects\SceneTrigger\PlayerTriggerCube">
      <UniqueIdentifier>{c975fd68-2a60-4c8f-a3bd-9af2138f8125}</UniqueIdentifier>
    </Filter>
    <Filter Include="04. GameObjects\Cube\MetalCube">
      <UniqueIdentifier>{b184ccbc-90e5-48c9-90be-ed8585b389a6}</UniqueIdentifier>
     </Filter>
    <Filter Include="04. GameObjects\Vellum\State">
      <UniqueIdentifier>{2cfdc824-f120-42a7-bbed-99129ef1662c}</UniqueIdentifier>
    </Filter>
    <Filter Include="04. GameObjects\Vellum\State\IDLE">
      <UniqueIdentifier>{58af0757-4f44-457a-ad31-f2ec33a5fcf8}</UniqueIdentifier>
    </Filter>
    <Filter Include="04. GameObjects\Vellum\State\CHASE">
      <UniqueIdentifier>{c97e5306-c55c-4d2e-9740-9e82244171a2}</UniqueIdentifier>
    </Filter>
    <Filter Include="04. GameObjects\Vellum\State\DIVE">
      <UniqueIdentifier>{0a224f01-9ad8-47d0-964d-ee10334b66a6}</UniqueIdentifier>
    </Filter>
  </ItemGroup>
  <ItemGroup>
    <ClInclude Include="framework.h">
      <Filter>00. Common</Filter>
    </ClInclude>
    <ClInclude Include="targetver.h">
      <Filter>00. Common</Filter>
    </ClInclude>
    <ClInclude Include="pch.h">
      <Filter>00. Common</Filter>
    </ClInclude>
    <ClInclude Include="Resource.h">
      <Filter>00. Common</Filter>
    </ClInclude>
    <ClInclude Include="Client.h">
      <Filter>01. Client</Filter>
    </ClInclude>
    <ClInclude Include="..\Header\CMainApp.h">
      <Filter>02. MainApp</Filter>
    </ClInclude>
    <ClInclude Include="..\Header\CMainPlayer.h">
      <Filter>04. GameObjects\TestPlayer</Filter>
    </ClInclude>
    <ClInclude Include="..\Header\CCameraObject.h">
      <Filter>04. GameObjects\CameraObejct</Filter>
    </ClInclude>
    <ClInclude Include="..\Header\CFirstviewFollowingCamera.h">
      <Filter>04. GameObjects\CameraObejct\FirstviewFollowingCam</Filter>
    </ClInclude>
    <ClInclude Include="..\Header\DummyCube.h">
      <Filter>04. GameObjects\TestObject</Filter>
    </ClInclude>
    <ClInclude Include="..\Header\Logo.h">
      <Filter>03. Scene\Logo</Filter>
    </ClInclude>
    <ClInclude Include="..\Header\SceneBG.h">
      <Filter>03. Scene\SceneBG</Filter>
    </ClInclude>
    <ClInclude Include="..\Header\SceneDH.h">
      <Filter>03. Scene\SceneDH</Filter>
    </ClInclude>
    <ClInclude Include="..\Header\SceneHW.h">
      <Filter>03. Scene\SceneHW</Filter>
    </ClInclude>
    <ClInclude Include="..\Header\SceneHS.h">
      <Filter>03. Scene\SceneHS</Filter>
    </ClInclude>
    <ClInclude Include="..\Header\SceneSB.h">
      <Filter>03. Scene\SceneSB</Filter>
    </ClInclude>
    <ClInclude Include="..\Header\CLightObject.h">
      <Filter>04. GameObjects\TestLight</Filter>
    </ClInclude>
    <ClInclude Include="..\Header\CCrosshairUIObject.h">
      <Filter>04. GameObjects\TestUI\TestCrooshair</Filter>
    </ClInclude>
    <ClInclude Include="..\Header\CTestLightMeshObject.h">
      <Filter>04. GameObjects\TestLight\TestLightObject</Filter>
    </ClInclude>
    <ClInclude Include="..\Header\CPlayer.h">
      <Filter>04. GameObjects\TestPlayer</Filter>
    </ClInclude>
    <ClInclude Include="..\Header\CMonster.h">
      <Filter>04. GameObjects\TestObject</Filter>
    </ClInclude>
    <ClInclude Include="..\Header\CCube.h">
      <Filter>04. GameObjects\Cube</Filter>
    </ClInclude>
    <ClInclude Include="..\Header\CFloatingCube.h">
      <Filter>04. GameObjects\Cube\FloatingCube</Filter>
    </ClInclude>
    <ClInclude Include="..\Header\CDirectionalCube.h">
      <Filter>04. GameObjects\Cube\DirectionalCube</Filter>
    </ClInclude>
    <ClInclude Include="..\Header\CImpulseCube.h">
      <Filter>04. GameObjects\Cube\ImpulseCube</Filter>
    </ClInclude>
    <ClInclude Include="..\Header\CTestTile.h">
      <Filter>04. GameObjects\TestTile</Filter>
    </ClInclude>
    <ClInclude Include="..\Header\CSceneTestHS.h">
      <Filter>03. Scene\SceneHS\test</Filter>
    </ClInclude>
    <ClInclude Include="..\Header\TestSceneHW.h">
      <Filter>03. Scene\SceneHW</Filter>
    </ClInclude>
    <ClInclude Include="..\Header\CSceneGate.h">
      <Filter>04. GameObjects\SceneTrigger\SceneGate</Filter>
    </ClInclude>
    <ClInclude Include="..\Header\CPickSwitch.h">
      <Filter>04. GameObjects\Switch\PickSwitch</Filter>
    </ClInclude>
    <ClInclude Include="..\Header\CBlock.h">
      <Filter>04. GameObjects\Block</Filter>
    </ClInclude>
    <ClInclude Include="..\Header\CStairBlock.h">
      <Filter>04. GameObjects\Block\StairBlock</Filter>
    </ClInclude>
    <ClInclude Include="..\Header\CTrigger.h">
      <Filter>04. GameObjects\Behavior</Filter>
    </ClInclude>
    <ClInclude Include="..\Header\CSwitch.h">
      <Filter>04. GameObjects\Switch</Filter>
    </ClInclude>
    <ClInclude Include="..\Header\CSensor.h">
      <Filter>04. GameObjects\Sensor</Filter>
    </ClInclude>
    <ClInclude Include="..\Header\CSlotCube.h">
      <Filter>04. GameObjects\Cube\SlotCube</Filter>
    </ClInclude>
    <ClInclude Include="..\Header\CZoneSensor.h">
      <Filter>04. GameObjects\Sensor\ZoneSensor</Filter>
    </ClInclude>
    <ClInclude Include="..\Header\CSlotSensor.h">
      <Filter>04. GameObjects\Sensor\SlotSensor</Filter>
    </ClInclude>
    <ClInclude Include="..\Header\CVellum.h">
      <Filter>04. GameObjects\Vellum</Filter>
    </ClInclude>
    <ClInclude Include="..\Header\CMagneticCube.h">
      <Filter>04. GameObjects\Cube\MagneticCube</Filter>
    </ClInclude>
    <ClInclude Include="..\Header\CMetalCube.h">
      <Filter>04. GameObjects\Cube\MetalCube</Filter>
    </ClInclude>
    <ClInclude Include="..\Header\CImageUIObject.h">
      <Filter>04. GameObjects\TestUI</Filter>
    </ClInclude>
    <ClInclude Include="..\Header\CProgressBar.h">
      <Filter>04. GameObjects\TestUI\Loding\ProgressBar</Filter>
    </ClInclude>
    <ClInclude Include="..\Header\CLodingCube.h">
      <Filter>04. GameObjects\TestUI\Loding\LodingCube</Filter>
    </ClInclude>
    <ClInclude Include="..\Header\SceneLoding.h">
      <Filter>03. Scene\SceneHS\test</Filter>
    </ClInclude>
    <ClInclude Include="..\Header\CCinematicCamera.h">
      <Filter>04. GameObjects\CameraObejct\CinematicCamera</Filter>
    </ClInclude>
    <ClInclude Include="..\Header\CPlayerTriggerCube.h">
      <Filter>04. GameObjects\SceneTrigger\PlayerTriggerCube</Filter>
    </ClInclude>
    <ClInclude Include="IVellumState.h">
      <Filter>04. GameObjects\Vellum\State</Filter>
    </ClInclude>
    <ClInclude Include="..\Header\CIdleState.h">
      <Filter>04. GameObjects\Vellum\State\IDLE</Filter>
    </ClInclude>
    <ClInclude Include="..\Header\CChaseState.h">
      <Filter>04. GameObjects\Vellum\State\CHASE</Filter>
    </ClInclude>
    <ClInclude Include="..\Header\CDiveState.h">
      <Filter>04. GameObjects\Vellum\State\DIVE</Filter>
    </ClInclude>
  </ItemGroup>
  <ItemGroup>
    <ClCompile Include="pch.cpp">
      <Filter>00. Common</Filter>
    </ClCompile>
    <ClCompile Include="Client.cpp">
      <Filter>01. Client</Filter>
    </ClCompile>
    <ClCompile Include="..\Code\CMainApp.cpp">
      <Filter>02. MainApp</Filter>
    </ClCompile>
    <ClCompile Include="..\Code\CMainPlayer.cpp">
      <Filter>04. GameObjects\TestPlayer</Filter>
    </ClCompile>
    <ClCompile Include="..\Code\CCameraObject.cpp">
      <Filter>04. GameObjects\CameraObejct</Filter>
    </ClCompile>
    <ClCompile Include="..\Code\CFirstviewFollowingCamera.cpp">
      <Filter>04. GameObjects\CameraObejct\FirstviewFollowingCam</Filter>
    </ClCompile>
    <ClCompile Include="..\Code\DummyCube.cpp">
      <Filter>04. GameObjects\TestObject</Filter>
    </ClCompile>
    <ClCompile Include="..\Code\Logo.cpp">
      <Filter>03. Scene\Logo</Filter>
    </ClCompile>
    <ClCompile Include="..\Code\SceneBG.cpp">
      <Filter>03. Scene\SceneBG</Filter>
    </ClCompile>
    <ClCompile Include="..\Code\SceneDH.cpp">
      <Filter>03. Scene\SceneDH</Filter>
    </ClCompile>
    <ClCompile Include="..\Code\SceneHW.cpp">
      <Filter>03. Scene\SceneHW</Filter>
    </ClCompile>
    <ClCompile Include="..\Code\SceneHS.cpp">
      <Filter>03. Scene\SceneHS</Filter>
    </ClCompile>
    <ClCompile Include="..\Code\SceneSB.cpp">
      <Filter>03. Scene\SceneSB</Filter>
    </ClCompile>
    <ClCompile Include="..\Code\CLightObject.cpp">
      <Filter>04. GameObjects\TestLight</Filter>
    </ClCompile>
    <ClCompile Include="..\Code\CCrosshairUIObject.cpp">
      <Filter>04. GameObjects\TestUI\TestCrooshair</Filter>
    </ClCompile>
    <ClCompile Include="..\Code\CTestLightMeshObject.cpp">
      <Filter>04. GameObjects\TestLight\TestLightObject</Filter>
    </ClCompile>
    <ClCompile Include="..\Code\CPlayer.cpp">
      <Filter>04. GameObjects\TestPlayer</Filter>
    </ClCompile>
    <ClCompile Include="..\Code\CMonster.cpp">
      <Filter>04. GameObjects\TestObject</Filter>
    </ClCompile>
    <ClCompile Include="..\Code\CCube.cpp">
      <Filter>04. GameObjects\Cube</Filter>
    </ClCompile>
    <ClCompile Include="..\Code\CFloatingCube.cpp">
      <Filter>04. GameObjects\Cube\FloatingCube</Filter>
    </ClCompile>
    <ClCompile Include="..\Code\CDirectionalCube.cpp">
      <Filter>04. GameObjects\Cube\DirectionalCube</Filter>
    </ClCompile>
    <ClCompile Include="..\Code\CImpulseCube.cpp">
      <Filter>04. GameObjects\Cube\ImpulseCube</Filter>
    </ClCompile>
    <ClCompile Include="..\Code\CTestTile.cpp">
      <Filter>04. GameObjects\TestTile</Filter>
    </ClCompile>
    <ClCompile Include="..\Code\CSceneTestHS.cpp">
      <Filter>03. Scene\SceneHS\test</Filter>
    </ClCompile>
    <ClCompile Include="..\Code\TestSceneHW.cpp">
      <Filter>03. Scene\SceneHW</Filter>
    </ClCompile>
    <ClCompile Include="..\Code\CSceneGate.cpp">
      <Filter>04. GameObjects\SceneTrigger\SceneGate</Filter>
    </ClCompile>
    <ClCompile Include="..\Code\CPickSwitch.cpp">
      <Filter>04. GameObjects\Switch\PickSwitch</Filter>
    </ClCompile>
    <ClCompile Include="..\Code\CBlock.cpp">
      <Filter>04. GameObjects\Block</Filter>
    </ClCompile>
    <ClCompile Include="..\Code\CStairBlock.cpp">
      <Filter>04. GameObjects\Block\StairBlock</Filter>
    </ClCompile>
    <ClCompile Include="..\Code\CTrigger.cpp">
      <Filter>04. GameObjects\Behavior</Filter>
    </ClCompile>
    <ClCompile Include="..\Code\CSwitch.cpp">
      <Filter>04. GameObjects\Switch</Filter>
    </ClCompile>
    <ClCompile Include="..\Code\CSensor.cpp">
      <Filter>04. GameObjects\Sensor</Filter>
    </ClCompile>
    <ClCompile Include="..\Code\CSlotCube.cpp">
      <Filter>04. GameObjects\Cube\SlotCube</Filter>
    </ClCompile>
    <ClCompile Include="..\Code\CZoneSensor.cpp">
      <Filter>04. GameObjects\Sensor\ZoneSensor</Filter>
    </ClCompile>
    <ClCompile Include="..\Code\CSlotSensor.cpp">
      <Filter>04. GameObjects\Sensor\SlotSensor</Filter>
    </ClCompile>
    <ClCompile Include="..\Code\CVellum.cpp">
      <Filter>04. GameObjects\Vellum</Filter>
    </ClCompile>
    <ClCompile Include="..\Code\CMagneticCube.cpp">
      <Filter>04. GameObjects\Cube\MagneticCube</Filter>
    </ClCompile>
    <ClCompile Include="..\Code\CMetalCube.cpp">
      <Filter>04. GameObjects\Cube\MetalCube</Filter>
    </ClCompile>
    <ClCompile Include="..\Code\CImageUIObject.cpp">
      <Filter>04. GameObjects\TestUI</Filter>
    </ClCompile>
    <ClCompile Include="..\Code\CProgressBar.cpp">
      <Filter>04. GameObjects\TestUI\Loding\ProgressBar</Filter>
    </ClCompile>
    <ClCompile Include="..\Code\CLodingCube.cpp">
      <Filter>04. GameObjects\TestUI\Loding\LodingCube</Filter>
    </ClCompile>
    <ClCompile Include="..\Code\SceneLoding.cpp">
      <Filter>03. Scene\SceneHS\test</Filter>
    </ClCompile>
    <ClCompile Include="..\Code\CCinematicCamera.cpp">
      <Filter>04. GameObjects\CameraObejct\CinematicCamera</Filter>
    </ClCompile>
    <ClCompile Include="..\Code\CPlayerTriggerCube.cpp">
      <Filter>04. GameObjects\SceneTrigger\PlayerTriggerCube</Filter>
    </ClCompile>
    <ClCompile Include="..\Code\CIdleState.cpp">
      <Filter>04. GameObjects\Vellum\State\IDLE</Filter>
    </ClCompile>
    <ClCompile Include="..\Code\CChaseState.cpp">
      <Filter>04. GameObjects\Vellum\State\CHASE</Filter>
    </ClCompile>
    <ClCompile Include="..\Code\CDiveState.cpp">
      <Filter>04. GameObjects\Vellum\State\DIVE</Filter>
    </ClCompile>
  </ItemGroup>
  <ItemGroup>
    <ResourceCompile Include="Client.rc">
      <Filter>00. Common\리소스 파일</Filter>
    </ResourceCompile>
  </ItemGroup>
  <ItemGroup>
    <Image Include="small.ico">
      <Filter>00. Common\리소스 파일</Filter>
    </Image>
    <Image Include="Client.ico">
      <Filter>00. Common\리소스 파일</Filter>
    </Image>
  </ItemGroup>
</Project>